// !$*UTF8*$!
{
	archiveVersion = 1;
	classes = {
	};
	objectVersion = 50;
	objects = {

/* Begin PBXBuildFile section */
		5082AD00208CC26D00061F48 /* main.c in Sources */ = {isa = PBXBuildFile; fileRef = 5082ACFF208CC26D00061F48 /* main.c */; };
		50AEC24C2093DFE700F4E0B0 /* numeroAleatorio.c in Sources */ = {isa = PBXBuildFile; fileRef = 50AEC24B2093DFE700F4E0B0 /* numeroAleatorio.c */; };
		50AEC24F2093E0A300F4E0B0 /* memoria.c in Sources */ = {isa = PBXBuildFile; fileRef = 50AEC24E2093E0A300F4E0B0 /* memoria.c */; };
		50AEC2532093E1E300F4E0B0 /* arquivo.c in Sources */ = {isa = PBXBuildFile; fileRef = 50AEC2522093E1E300F4E0B0 /* arquivo.c */; };
		50AEC2572093E3AF00F4E0B0 /* descritorILBP.c in Sources */ = {isa = PBXBuildFile; fileRef = 50AEC2562093E3AF00F4E0B0 /* descritorILBP.c */; };
		50AEC25A2093E3CC00F4E0B0 /* descritorGLCM.c in Sources */ = {isa = PBXBuildFile; fileRef = 50AEC2592093E3CC00F4E0B0 /* descritorGLCM.c */; };
		50AEC25D2093E55100F4E0B0 /* vetorDescritor.c in Sources */ = {isa = PBXBuildFile; fileRef = 50AEC25C2093E55100F4E0B0 /* vetorDescritor.c */; };
/* End PBXBuildFile section */

/* Begin PBXCopyFilesBuildPhase section */
		5082ACFA208CC26D00061F48 /* CopyFiles */ = {
			isa = PBXCopyFilesBuildPhase;
			buildActionMask = 2147483647;
			dstPath = /usr/share/man/man1/;
			dstSubfolderSpec = 0;
			files = (
			);
			runOnlyForDeploymentPostprocessing = 1;
		};
/* End PBXCopyFilesBuildPhase section */

/* Begin PBXFileReference section */
		5082ACFC208CC26D00061F48 /* Problema */ = {isa = PBXFileReference; explicitFileType = "compiled.mach-o.executable"; includeInIndex = 0; path = Problema; sourceTree = BUILT_PRODUCTS_DIR; };
		5082ACFF208CC26D00061F48 /* main.c */ = {isa = PBXFileReference; lastKnownFileType = sourcecode.c.c; path = main.c; sourceTree = "<group>"; };
		50AEC24A2093DFE700F4E0B0 /* numeroAleatorio.h */ = {isa = PBXFileReference; lastKnownFileType = sourcecode.c.h; path = numeroAleatorio.h; sourceTree = "<group>"; };
		50AEC24B2093DFE700F4E0B0 /* numeroAleatorio.c */ = {isa = PBXFileReference; lastKnownFileType = sourcecode.c.c; path = numeroAleatorio.c; sourceTree = "<group>"; };
		50AEC24D2093E0A300F4E0B0 /* memoria.h */ = {isa = PBXFileReference; lastKnownFileType = sourcecode.c.h; path = memoria.h; sourceTree = "<group>"; };
		50AEC24E2093E0A300F4E0B0 /* memoria.c */ = {isa = PBXFileReference; lastKnownFileType = sourcecode.c.c; path = memoria.c; sourceTree = "<group>"; };
		50AEC2512093E1E300F4E0B0 /* arquivo.h */ = {isa = PBXFileReference; lastKnownFileType = sourcecode.c.h; path = arquivo.h; sourceTree = "<group>"; };
		50AEC2522093E1E300F4E0B0 /* arquivo.c */ = {isa = PBXFileReference; lastKnownFileType = sourcecode.c.c; path = arquivo.c; sourceTree = "<group>"; };
		50AEC2552093E3AF00F4E0B0 /* descritorILBP.h */ = {isa = PBXFileReference; lastKnownFileType = sourcecode.c.h; path = descritorILBP.h; sourceTree = "<group>"; };
		50AEC2562093E3AF00F4E0B0 /* descritorILBP.c */ = {isa = PBXFileReference; lastKnownFileType = sourcecode.c.c; path = descritorILBP.c; sourceTree = "<group>"; };
		50AEC2582093E3CC00F4E0B0 /* descritorGLCM.h */ = {isa = PBXFileReference; lastKnownFileType = sourcecode.c.h; path = descritorGLCM.h; sourceTree = "<group>"; };
		50AEC2592093E3CC00F4E0B0 /* descritorGLCM.c */ = {isa = PBXFileReference; lastKnownFileType = sourcecode.c.c; path = descritorGLCM.c; sourceTree = "<group>"; };
		50AEC25B2093E55100F4E0B0 /* vetorDescritor.h */ = {isa = PBXFileReference; lastKnownFileType = sourcecode.c.h; path = vetorDescritor.h; sourceTree = "<group>"; };
		50AEC25C2093E55100F4E0B0 /* vetorDescritor.c */ = {isa = PBXFileReference; lastKnownFileType = sourcecode.c.c; path = vetorDescritor.c; sourceTree = "<group>"; };
/* End PBXFileReference section */

/* Begin PBXFrameworksBuildPhase section */
		5082ACF9208CC26D00061F48 /* Frameworks */ = {
			isa = PBXFrameworksBuildPhase;
			buildActionMask = 2147483647;
			files = (
			);
			runOnlyForDeploymentPostprocessing = 0;
		};
/* End PBXFrameworksBuildPhase section */

/* Begin PBXGroup section */
		5082ACF3208CC26D00061F48 = {
			isa = PBXGroup;
			children = (
				5082ACFE208CC26D00061F48 /* Problema */,
				5082ACFD208CC26D00061F48 /* Products */,
			);
			sourceTree = "<group>";
		};
		5082ACFD208CC26D00061F48 /* Products */ = {
			isa = PBXGroup;
			children = (
				5082ACFC208CC26D00061F48 /* Problema */,
			);
			name = Products;
			sourceTree = "<group>";
		};
		5082ACFE208CC26D00061F48 /* Problema */ = {
			isa = PBXGroup;
			children = (
				50AEC2502093E1CF00F4E0B0 /* Arquivo */,
				50AEC2542093E35400F4E0B0 /* Descritores de Imagem */,
				50AEC2482093DF9D00F4E0B0 /* Memória */,
				50AEC2492093DFB700F4E0B0 /* Número Aleatório */,
				50AEC2472093DF8C00F4E0B0 /* Principal */,
			);
			path = Problema;
			sourceTree = "<group>";
		};
		50AEC2472093DF8C00F4E0B0 /* Principal */ = {
			isa = PBXGroup;
			children = (
				5082ACFF208CC26D00061F48 /* main.c */,
			);
			path = Principal;
			sourceTree = "<group>";
		};
		50AEC2482093DF9D00F4E0B0 /* Memória */ = {
			isa = PBXGroup;
			children = (
				50AEC24D2093E0A300F4E0B0 /* memoria.h */,
				50AEC24E2093E0A300F4E0B0 /* memoria.c */,
			);
			name = "Memória";
			path = "Memória";
			sourceTree = "<group>";
		};
		50AEC2492093DFB700F4E0B0 /* Número Aleatório */ = {
			isa = PBXGroup;
			children = (
				50AEC24A2093DFE700F4E0B0 /* numeroAleatorio.h */,
				50AEC24B2093DFE700F4E0B0 /* numeroAleatorio.c */,
			);
			name = "Número Aleatório";
			path = "Número Aleatório";
			sourceTree = "<group>";
		};
		50AEC2502093E1CF00F4E0B0 /* Arquivo */ = {
			isa = PBXGroup;
			children = (
				50AEC2512093E1E300F4E0B0 /* arquivo.h */,
				50AEC2522093E1E300F4E0B0 /* arquivo.c */,
			);
			path = Arquivo;
			sourceTree = "<group>";
		};
		50AEC2542093E35400F4E0B0 /* Descritores de Imagem */ = {
			isa = PBXGroup;
			children = (
				50AEC2552093E3AF00F4E0B0 /* descritorILBP.h */,
				50AEC2562093E3AF00F4E0B0 /* descritorILBP.c */,
				50AEC2582093E3CC00F4E0B0 /* descritorGLCM.h */,
				50AEC2592093E3CC00F4E0B0 /* descritorGLCM.c */,
				50AEC25B2093E55100F4E0B0 /* vetorDescritor.h */,
				50AEC25C2093E55100F4E0B0 /* vetorDescritor.c */,
			);
			path = "Descritores de Imagem";
			sourceTree = "<group>";
		};
/* End PBXGroup section */

/* Begin PBXNativeTarget section */
		5082ACFB208CC26D00061F48 /* Problema */ = {
			isa = PBXNativeTarget;
			buildConfigurationList = 5082AD03208CC26D00061F48 /* Build configuration list for PBXNativeTarget "Problema" */;
			buildPhases = (
				5082ACF8208CC26D00061F48 /* Sources */,
				5082ACF9208CC26D00061F48 /* Frameworks */,
				5082ACFA208CC26D00061F48 /* CopyFiles */,
			);
			buildRules = (
			);
			dependencies = (
			);
			name = Problema;
			productName = Problema;
			productReference = 5082ACFC208CC26D00061F48 /* Problema */;
			productType = "com.apple.product-type.tool";
		};
/* End PBXNativeTarget section */

/* Begin PBXProject section */
		5082ACF4208CC26D00061F48 /* Project object */ = {
			isa = PBXProject;
			attributes = {
				LastUpgradeCheck = 0930;
				ORGANIZATIONNAME = "Vinícius Cantuária";
				TargetAttributes = {
					5082ACFB208CC26D00061F48 = {
						CreatedOnToolsVersion = 9.3;
					};
				};
			};
			buildConfigurationList = 5082ACF7208CC26D00061F48 /* Build configuration list for PBXProject "Problema" */;
			compatibilityVersion = "Xcode 9.3";
			developmentRegion = en;
			hasScannedForEncodings = 0;
			knownRegions = (
				en,
			);
			mainGroup = 5082ACF3208CC26D00061F48;
			productRefGroup = 5082ACFD208CC26D00061F48 /* Products */;
			projectDirPath = "";
			projectRoot = "";
			targets = (
				5082ACFB208CC26D00061F48 /* Problema */,
			);
		};
/* End PBXProject section */

/* Begin PBXSourcesBuildPhase section */
		5082ACF8208CC26D00061F48 /* Sources */ = {
			isa = PBXSourcesBuildPhase;
			buildActionMask = 2147483647;
			files = (
				50AEC24F2093E0A300F4E0B0 /* memoria.c in Sources */,
				50AEC2532093E1E300F4E0B0 /* arquivo.c in Sources */,
				50AEC25A2093E3CC00F4E0B0 /* descritorGLCM.c in Sources */,
				50AEC24C2093DFE700F4E0B0 /* numeroAleatorio.c in Sources */,
				50AEC2572093E3AF00F4E0B0 /* descritorILBP.c in Sources */,
				50AEC25D2093E55100F4E0B0 /* vetorDescritor.c in Sources */,
				5082AD00208CC26D00061F48 /* main.c in Sources */,
			);
			runOnlyForDeploymentPostprocessing = 0;
		};
/* End PBXSourcesBuildPhase section */

/* Begin XCBuildConfiguration section */
		5082AD01208CC26D00061F48 /* Debug */ = {
			isa = XCBuildConfiguration;
			buildSettings = {
				ALWAYS_SEARCH_USER_PATHS = NO;
				CLANG_ANALYZER_NONNULL = YES;
				CLANG_ANALYZER_NUMBER_OBJECT_CONVERSION = YES_AGGRESSIVE;
				CLANG_CXX_LANGUAGE_STANDARD = "gnu++14";
				CLANG_CXX_LIBRARY = "libc++";
				CLANG_ENABLE_MODULES = YES;
				CLANG_ENABLE_OBJC_ARC = YES;
				CLANG_ENABLE_OBJC_WEAK = YES;
				CLANG_WARN_BLOCK_CAPTURE_AUTORELEASING = YES;
				CLANG_WARN_BOOL_CONVERSION = YES;
				CLANG_WARN_COMMA = YES;
				CLANG_WARN_CONSTANT_CONVERSION = YES;
				CLANG_WARN_DEPRECATED_OBJC_IMPLEMENTATIONS = YES;
				CLANG_WARN_DIRECT_OBJC_ISA_USAGE = YES_ERROR;
				CLANG_WARN_DOCUMENTATION_COMMENTS = YES;
				CLANG_WARN_EMPTY_BODY = YES;
				CLANG_WARN_ENUM_CONVERSION = YES;
				CLANG_WARN_INFINITE_RECURSION = YES;
				CLANG_WARN_INT_CONVERSION = YES;
				CLANG_WARN_NON_LITERAL_NULL_CONVERSION = YES;
				CLANG_WARN_OBJC_IMPLICIT_RETAIN_SELF = YES;
				CLANG_WARN_OBJC_LITERAL_CONVERSION = YES;
				CLANG_WARN_OBJC_ROOT_CLASS = YES_ERROR;
				CLANG_WARN_RANGE_LOOP_ANALYSIS = YES;
				CLANG_WARN_STRICT_PROTOTYPES = YES;
				CLANG_WARN_SUSPICIOUS_MOVE = YES;
				CLANG_WARN_UNGUARDED_AVAILABILITY = YES_AGGRESSIVE;
				CLANG_WARN_UNREACHABLE_CODE = YES;
				CLANG_WARN__DUPLICATE_METHOD_MATCH = YES;
				CODE_SIGN_IDENTITY = "-";
				COPY_PHASE_STRIP = NO;
				DEBUG_INFORMATION_FORMAT = dwarf;
				ENABLE_STRICT_OBJC_MSGSEND = YES;
				ENABLE_TESTABILITY = YES;
				GCC_C_LANGUAGE_STANDARD = gnu11;
				GCC_DYNAMIC_NO_PIC = NO;
				GCC_NO_COMMON_BLOCKS = YES;
				GCC_OPTIMIZATION_LEVEL = 0;
				GCC_PREPROCESSOR_DEFINITIONS = (
					"DEBUG=1",
					"$(inherited)",
				);
				GCC_WARN_64_TO_32_BIT_CONVERSION = YES;
				GCC_WARN_ABOUT_RETURN_TYPE = YES_ERROR;
				GCC_WARN_UNDECLARED_SELECTOR = YES;
				GCC_WARN_UNINITIALIZED_AUTOS = YES_AGGRESSIVE;
				GCC_WARN_UNUSED_FUNCTION = YES;
				GCC_WARN_UNUSED_VARIABLE = YES;
				MACOSX_DEPLOYMENT_TARGET = 10.13;
				MTL_ENABLE_DEBUG_INFO = YES;
				ONLY_ACTIVE_ARCH = YES;
				SDKROOT = macosx;
			};
			name = Debug;
		};
		5082AD02208CC26D00061F48 /* Release */ = {
			isa = XCBuildConfiguration;
			buildSettings = {
				ALWAYS_SEARCH_USER_PATHS = NO;
				CLANG_ANALYZER_NONNULL = YES;
				CLANG_ANALYZER_NUMBER_OBJECT_CONVERSION = YES_AGGRESSIVE;
				CLANG_CXX_LANGUAGE_STANDARD = "gnu++14";
				CLANG_CXX_LIBRARY = "libc++";
				CLANG_ENABLE_MODULES = YES;
				CLANG_ENABLE_OBJC_ARC = YES;
				CLANG_ENABLE_OBJC_WEAK = YES;
				CLANG_WARN_BLOCK_CAPTURE_AUTORELEASING = YES;
				CLANG_WARN_BOOL_CONVERSION = YES;
				CLANG_WARN_COMMA = YES;
				CLANG_WARN_CONSTANT_CONVERSION = YES;
				CLANG_WARN_DEPRECATED_OBJC_IMPLEMENTATIONS = YES;
				CLANG_WARN_DIRECT_OBJC_ISA_USAGE = YES_ERROR;
				CLANG_WARN_DOCUMENTATION_COMMENTS = YES;
				CLANG_WARN_EMPTY_BODY = YES;
				CLANG_WARN_ENUM_CONVERSION = YES;
				CLANG_WARN_INFINITE_RECURSION = YES;
				CLANG_WARN_INT_CONVERSION = YES;
				CLANG_WARN_NON_LITERAL_NULL_CONVERSION = YES;
				CLANG_WARN_OBJC_IMPLICIT_RETAIN_SELF = YES;
				CLANG_WARN_OBJC_LITERAL_CONVERSION = YES;
				CLANG_WARN_OBJC_ROOT_CLASS = YES_ERROR;
				CLANG_WARN_RANGE_LOOP_ANALYSIS = YES;
				CLANG_WARN_STRICT_PROTOTYPES = YES;
				CLANG_WARN_SUSPICIOUS_MOVE = YES;
				CLANG_WARN_UNGUARDED_AVAILABILITY = YES_AGGRESSIVE;
				CLANG_WARN_UNREACHABLE_CODE = YES;
				CLANG_WARN__DUPLICATE_METHOD_MATCH = YES;
				CODE_SIGN_IDENTITY = "-";
				COPY_PHASE_STRIP = NO;
				DEBUG_INFORMATION_FORMAT = "dwarf-with-dsym";
				ENABLE_NS_ASSERTIONS = NO;
				ENABLE_STRICT_OBJC_MSGSEND = YES;
				GCC_C_LANGUAGE_STANDARD = gnu11;
				GCC_NO_COMMON_BLOCKS = YES;
				GCC_WARN_64_TO_32_BIT_CONVERSION = YES;
				GCC_WARN_ABOUT_RETURN_TYPE = YES_ERROR;
				GCC_WARN_UNDECLARED_SELECTOR = YES;
				GCC_WARN_UNINITIALIZED_AUTOS = YES_AGGRESSIVE;
				GCC_WARN_UNUSED_FUNCTION = YES;
				GCC_WARN_UNUSED_VARIABLE = YES;
				MACOSX_DEPLOYMENT_TARGET = 10.13;
				MTL_ENABLE_DEBUG_INFO = NO;
				SDKROOT = macosx;
			};
			name = Release;
		};
		5082AD04208CC26D00061F48 /* Debug */ = {
			isa = XCBuildConfiguration;
			buildSettings = {
				CODE_SIGN_STYLE = Automatic;
				PRODUCT_NAME = "$(TARGET_NAME)";
			};
			name = Debug;
		};
		5082AD05208CC26D00061F48 /* Release */ = {
			isa = XCBuildConfiguration;
			buildSettings = {
				CODE_SIGN_STYLE = Automatic;
				PRODUCT_NAME = "$(TARGET_NAME)";
			};
			name = Release;
		};
/* End XCBuildConfiguration section */

/* Begin XCConfigurationList section */
		5082ACF7208CC26D00061F48 /* Build configuration list for PBXProject "Problema" */ = {
			isa = XCConfigurationList;
			buildConfigurations = (
				5082AD01208CC26D00061F48 /* Debug */,
				5082AD02208CC26D00061F48 /* Release */,
			);
			defaultConfigurationIsVisible = 0;
			defaultConfigurationName = Release;
		};
		5082AD03208CC26D00061F48 /* Build configuration list for PBXNativeTarget "Problema" */ = {
			isa = XCConfigurationList;
			buildConfigurations = (
				5082AD04208CC26D00061F48 /* Debug */,
				5082AD05208CC26D00061F48 /* Release */,
			);
			defaultConfigurationIsVisible = 0;
			defaultConfigurationName = Release;
		};
/* End XCConfigurationList section */
	};
	rootObject = 5082ACF4208CC26D00061F48 /* Project object */;
}
