// !$*UTF8*$!
{
	archiveVersion = 1;
	classes = {
	};
	objectVersion = 50;
	objects = {

/* Begin PBXBuildFile section */
		50B964CD2096C07200693471 /* main.c in Sources */ = {isa = PBXBuildFile; fileRef = 50B964CC2096C07200693471 /* main.c */; };
		50B964E32096C0EC00693471 /* vetorDescritor.c in Sources */ = {isa = PBXBuildFile; fileRef = 50B964D32096C0EB00693471 /* vetorDescritor.c */; };
		50B964E42096C0EC00693471 /* descritorGLCM.c in Sources */ = {isa = PBXBuildFile; fileRef = 50B964D42096C0EB00693471 /* descritorGLCM.c */; };
		50B964E52096C0EC00693471 /* metricas.c in Sources */ = {isa = PBXBuildFile; fileRef = 50B964D52096C0EB00693471 /* metricas.c */; };
		50B964E62096C0EC00693471 /* pixels.c in Sources */ = {isa = PBXBuildFile; fileRef = 50B964D82096C0EB00693471 /* pixels.c */; };
		50B964E72096C0EC00693471 /* arquivo.c in Sources */ = {isa = PBXBuildFile; fileRef = 50B964D92096C0EB00693471 /* arquivo.c */; };
		50B964E82096C0EC00693471 /* descritorILBP.c in Sources */ = {isa = PBXBuildFile; fileRef = 50B964DB2096C0EB00693471 /* descritorILBP.c */; };
		50B964E92096C0EC00693471 /* numeroAleatorio.c in Sources */ = {isa = PBXBuildFile; fileRef = 50B964DC2096C0EB00693471 /* numeroAleatorio.c */; };
		50B964EA2096C0EC00693471 /* memoria.c in Sources */ = {isa = PBXBuildFile; fileRef = 50B964DD2096C0EB00693471 /* memoria.c */; };
/* End PBXBuildFile section */

/* Begin PBXCopyFilesBuildPhase section */
		50B964C72096C07100693471 /* CopyFiles */ = {
			isa = PBXCopyFilesBuildPhase;
			buildActionMask = 2147483647;
			dstPath = /usr/share/man/man1/;
			dstSubfolderSpec = 0;
			files = (
			);
			runOnlyForDeploymentPostprocessing = 1;
		};
/* End PBXCopyFilesBuildPhase section */

/* Begin PBXFileReference section */
		50B964C92096C07100693471 /* src */ = {isa = PBXFileReference; explicitFileType = "compiled.mach-o.executable"; includeInIndex = 0; path = src; sourceTree = BUILT_PRODUCTS_DIR; };
		50B964CC2096C07200693471 /* main.c */ = {isa = PBXFileReference; lastKnownFileType = sourcecode.c.c; path = main.c; sourceTree = "<group>"; };
		50B964D32096C0EB00693471 /* vetorDescritor.c */ = {isa = PBXFileReference; fileEncoding = 4; lastKnownFileType = sourcecode.c.c; path = vetorDescritor.c; sourceTree = "<group>"; };
		50B964D42096C0EB00693471 /* descritorGLCM.c */ = {isa = PBXFileReference; fileEncoding = 4; lastKnownFileType = sourcecode.c.c; path = descritorGLCM.c; sourceTree = "<group>"; };
		50B964D52096C0EB00693471 /* metricas.c */ = {isa = PBXFileReference; fileEncoding = 4; lastKnownFileType = sourcecode.c.c; path = metricas.c; sourceTree = "<group>"; };
		50B964D62096C0EB00693471 /* descritorGLCM.h */ = {isa = PBXFileReference; fileEncoding = 4; lastKnownFileType = sourcecode.c.h; path = descritorGLCM.h; sourceTree = "<group>"; };
		50B964D72096C0EB00693471 /* arquivo.h */ = {isa = PBXFileReference; fileEncoding = 4; lastKnownFileType = sourcecode.c.h; path = arquivo.h; sourceTree = "<group>"; };
		50B964D82096C0EB00693471 /* pixels.c */ = {isa = PBXFileReference; fileEncoding = 4; lastKnownFileType = sourcecode.c.c; path = pixels.c; sourceTree = "<group>"; };
		50B964D92096C0EB00693471 /* arquivo.c */ = {isa = PBXFileReference; fileEncoding = 4; lastKnownFileType = sourcecode.c.c; path = arquivo.c; sourceTree = "<group>"; };
		50B964DA2096C0EB00693471 /* metricas.h */ = {isa = PBXFileReference; fileEncoding = 4; lastKnownFileType = sourcecode.c.h; path = metricas.h; sourceTree = "<group>"; };
		50B964DB2096C0EB00693471 /* descritorILBP.c */ = {isa = PBXFileReference; fileEncoding = 4; lastKnownFileType = sourcecode.c.c; path = descritorILBP.c; sourceTree = "<group>"; };
		50B964DC2096C0EB00693471 /* numeroAleatorio.c */ = {isa = PBXFileReference; fileEncoding = 4; lastKnownFileType = sourcecode.c.c; path = numeroAleatorio.c; sourceTree = "<group>"; };
		50B964DD2096C0EB00693471 /* memoria.c */ = {isa = PBXFileReference; fileEncoding = 4; lastKnownFileType = sourcecode.c.c; path = memoria.c; sourceTree = "<group>"; };
		50B964DE2096C0EB00693471 /* descritorILBP.h */ = {isa = PBXFileReference; fileEncoding = 4; lastKnownFileType = sourcecode.c.h; path = descritorILBP.h; sourceTree = "<group>"; };
		50B964DF2096C0EB00693471 /* memoria.h */ = {isa = PBXFileReference; fileEncoding = 4; lastKnownFileType = sourcecode.c.h; path = memoria.h; sourceTree = "<group>"; };
		50B964E02096C0EC00693471 /* vetorDescritor.h */ = {isa = PBXFileReference; fileEncoding = 4; lastKnownFileType = sourcecode.c.h; path = vetorDescritor.h; sourceTree = "<group>"; };
		50B964E12096C0EC00693471 /* pixels.h */ = {isa = PBXFileReference; fileEncoding = 4; lastKnownFileType = sourcecode.c.h; path = pixels.h; sourceTree = "<group>"; };
		50B964E22096C0EC00693471 /* numeroAleatorio.h */ = {isa = PBXFileReference; fileEncoding = 4; lastKnownFileType = sourcecode.c.h; path = numeroAleatorio.h; sourceTree = "<group>"; };
/* End PBXFileReference section */

/* Begin PBXFrameworksBuildPhase section */
		50B964C62096C07100693471 /* Frameworks */ = {
			isa = PBXFrameworksBuildPhase;
			buildActionMask = 2147483647;
			files = (
			);
			runOnlyForDeploymentPostprocessing = 0;
		};
/* End PBXFrameworksBuildPhase section */

/* Begin PBXGroup section */
		50B964C02096C07100693471 = {
			isa = PBXGroup;
			children = (
				50B964CB2096C07100693471 /* src */,
				50B964CA2096C07100693471 /* Products */,
			);
			sourceTree = "<group>";
		};
		50B964CA2096C07100693471 /* Products */ = {
			isa = PBXGroup;
			children = (
				50B964C92096C07100693471 /* src */,
			);
			name = Products;
			sourceTree = "<group>";
		};
		50B964CB2096C07100693471 /* src */ = {
			isa = PBXGroup;
			children = (
				50B964D92096C0EB00693471 /* arquivo.c */,
				50B964D72096C0EB00693471 /* arquivo.h */,
				50B964D42096C0EB00693471 /* descritorGLCM.c */,
				50B964D62096C0EB00693471 /* descritorGLCM.h */,
				50B964DB2096C0EB00693471 /* descritorILBP.c */,
				50B964DE2096C0EB00693471 /* descritorILBP.h */,
				50B964CC2096C07200693471 /* main.c */,
				50B964DD2096C0EB00693471 /* memoria.c */,
				50B964DF2096C0EB00693471 /* memoria.h */,
				50B964D52096C0EB00693471 /* metricas.c */,
				50B964DA2096C0EB00693471 /* metricas.h */,
				50B964DC2096C0EB00693471 /* numeroAleatorio.c */,
				50B964E22096C0EC00693471 /* numeroAleatorio.h */,
				50B964D82096C0EB00693471 /* pixels.c */,
				50B964E12096C0EC00693471 /* pixels.h */,
				50B964D32096C0EB00693471 /* vetorDescritor.c */,
				50B964E02096C0EC00693471 /* vetorDescritor.h */,
			);
			path = src;
			sourceTree = "<group>";
		};
/* End PBXGroup section */

/* Begin PBXNativeTarget section */
		50B964C82096C07100693471 /* src */ = {
			isa = PBXNativeTarget;
			buildConfigurationList = 50B964D02096C07200693471 /* Build configuration list for PBXNativeTarget "src" */;
			buildPhases = (
				50B964C52096C07100693471 /* Sources */,
				50B964C62096C07100693471 /* Frameworks */,
				50B964C72096C07100693471 /* CopyFiles */,
			);
			buildRules = (
			);
			dependencies = (
			);
			name = src;
			productName = src;
			productReference = 50B964C92096C07100693471 /* src */;
			productType = "com.apple.product-type.tool";
		};
/* End PBXNativeTarget section */

/* Begin PBXProject section */
		50B964C12096C07100693471 /* Project object */ = {
			isa = PBXProject;
			attributes = {
				LastUpgradeCheck = 0930;
				ORGANIZATIONNAME = "Vinícius Cantuária";
				TargetAttributes = {
					50B964C82096C07100693471 = {
						CreatedOnToolsVersion = 9.3;
					};
				};
			};
			buildConfigurationList = 50B964C42096C07100693471 /* Build configuration list for PBXProject "src" */;
			compatibilityVersion = "Xcode 9.3";
			developmentRegion = en;
			hasScannedForEncodings = 0;
			knownRegions = (
				en,
			);
			mainGroup = 50B964C02096C07100693471;
			productRefGroup = 50B964CA2096C07100693471 /* Products */;
			projectDirPath = "";
			projectRoot = "";
			targets = (
				50B964C82096C07100693471 /* src */,
			);
		};
/* End PBXProject section */

/* Begin PBXSourcesBuildPhase section */
		50B964C52096C07100693471 /* Sources */ = {
			isa = PBXSourcesBuildPhase;
			buildActionMask = 2147483647;
			files = (
				50B964EA2096C0EC00693471 /* memoria.c in Sources */,
				50B964E92096C0EC00693471 /* numeroAleatorio.c in Sources */,
				50B964E32096C0EC00693471 /* vetorDescritor.c in Sources */,
				50B964E82096C0EC00693471 /* descritorILBP.c in Sources */,
				50B964E72096C0EC00693471 /* arquivo.c in Sources */,
				50B964CD2096C07200693471 /* main.c in Sources */,
				50B964E42096C0EC00693471 /* descritorGLCM.c in Sources */,
				50B964E62096C0EC00693471 /* pixels.c in Sources */,
				50B964E52096C0EC00693471 /* metricas.c in Sources */,
			);
			runOnlyForDeploymentPostprocessing = 0;
		};
/* End PBXSourcesBuildPhase section */

/* Begin XCBuildConfiguration section */
		50B964CE2096C07200693471 /* Debug */ = {
			isa = XCBuildConfiguration;
			buildSettings = {
				ALWAYS_SEARCH_USER_PATHS = NO;
				CLANG_ANALYZER_NONNULL = YES;
				CLANG_ANALYZER_NUMBER_OBJECT_CONVERSION = YES_AGGRESSIVE;
				CLANG_CXX_LANGUAGE_STANDARD = "gnu++14";
				CLANG_CXX_LIBRARY = "libc++";
				CLANG_ENABLE_MODULES = YES;
				CLANG_ENABLE_OBJC_ARC = YES;
				CLANG_ENABLE_OBJC_WEAK = YES;
				CLANG_WARN_BLOCK_CAPTURE_AUTORELEASING = YES;
				CLANG_WARN_BOOL_CONVERSION = YES;
				CLANG_WARN_COMMA = YES;
				CLANG_WARN_CONSTANT_CONVERSION = YES;
				CLANG_WARN_DEPRECATED_OBJC_IMPLEMENTATIONS = YES;
				CLANG_WARN_DIRECT_OBJC_ISA_USAGE = YES_ERROR;
				CLANG_WARN_DOCUMENTATION_COMMENTS = YES;
				CLANG_WARN_EMPTY_BODY = YES;
				CLANG_WARN_ENUM_CONVERSION = YES;
				CLANG_WARN_INFINITE_RECURSION = YES;
				CLANG_WARN_INT_CONVERSION = YES;
				CLANG_WARN_NON_LITERAL_NULL_CONVERSION = YES;
				CLANG_WARN_OBJC_IMPLICIT_RETAIN_SELF = YES;
				CLANG_WARN_OBJC_LITERAL_CONVERSION = YES;
				CLANG_WARN_OBJC_ROOT_CLASS = YES_ERROR;
				CLANG_WARN_RANGE_LOOP_ANALYSIS = YES;
				CLANG_WARN_STRICT_PROTOTYPES = YES;
				CLANG_WARN_SUSPICIOUS_MOVE = YES;
				CLANG_WARN_UNGUARDED_AVAILABILITY = YES_AGGRESSIVE;
				CLANG_WARN_UNREACHABLE_CODE = YES;
				CLANG_WARN__DUPLICATE_METHOD_MATCH = YES;
				CODE_SIGN_IDENTITY = "-";
				COPY_PHASE_STRIP = NO;
				DEBUG_INFORMATION_FORMAT = dwarf;
				ENABLE_STRICT_OBJC_MSGSEND = YES;
				ENABLE_TESTABILITY = YES;
				GCC_C_LANGUAGE_STANDARD = gnu11;
				GCC_DYNAMIC_NO_PIC = NO;
				GCC_NO_COMMON_BLOCKS = YES;
				GCC_OPTIMIZATION_LEVEL = 0;
				GCC_PREPROCESSOR_DEFINITIONS = (
					"DEBUG=1",
					"$(inherited)",
				);
				GCC_WARN_64_TO_32_BIT_CONVERSION = YES;
				GCC_WARN_ABOUT_RETURN_TYPE = YES_ERROR;
				GCC_WARN_UNDECLARED_SELECTOR = YES;
				GCC_WARN_UNINITIALIZED_AUTOS = YES_AGGRESSIVE;
				GCC_WARN_UNUSED_FUNCTION = YES;
				GCC_WARN_UNUSED_VARIABLE = YES;
				MACOSX_DEPLOYMENT_TARGET = 10.13;
				MTL_ENABLE_DEBUG_INFO = YES;
				ONLY_ACTIVE_ARCH = YES;
				SDKROOT = macosx;
			};
			name = Debug;
		};
		50B964CF2096C07200693471 /* Release */ = {
			isa = XCBuildConfiguration;
			buildSettings = {
				ALWAYS_SEARCH_USER_PATHS = NO;
				CLANG_ANALYZER_NONNULL = YES;
				CLANG_ANALYZER_NUMBER_OBJECT_CONVERSION = YES_AGGRESSIVE;
				CLANG_CXX_LANGUAGE_STANDARD = "gnu++14";
				CLANG_CXX_LIBRARY = "libc++";
				CLANG_ENABLE_MODULES = YES;
				CLANG_ENABLE_OBJC_ARC = YES;
				CLANG_ENABLE_OBJC_WEAK = YES;
				CLANG_WARN_BLOCK_CAPTURE_AUTORELEASING = YES;
				CLANG_WARN_BOOL_CONVERSION = YES;
				CLANG_WARN_COMMA = YES;
				CLANG_WARN_CONSTANT_CONVERSION = YES;
				CLANG_WARN_DEPRECATED_OBJC_IMPLEMENTATIONS = YES;
				CLANG_WARN_DIRECT_OBJC_ISA_USAGE = YES_ERROR;
				CLANG_WARN_DOCUMENTATION_COMMENTS = YES;
				CLANG_WARN_EMPTY_BODY = YES;
				CLANG_WARN_ENUM_CONVERSION = YES;
				CLANG_WARN_INFINITE_RECURSION = YES;
				CLANG_WARN_INT_CONVERSION = YES;
				CLANG_WARN_NON_LITERAL_NULL_CONVERSION = YES;
				CLANG_WARN_OBJC_IMPLICIT_RETAIN_SELF = YES;
				CLANG_WARN_OBJC_LITERAL_CONVERSION = YES;
				CLANG_WARN_OBJC_ROOT_CLASS = YES_ERROR;
				CLANG_WARN_RANGE_LOOP_ANALYSIS = YES;
				CLANG_WARN_STRICT_PROTOTYPES = YES;
				CLANG_WARN_SUSPICIOUS_MOVE = YES;
				CLANG_WARN_UNGUARDED_AVAILABILITY = YES_AGGRESSIVE;
				CLANG_WARN_UNREACHABLE_CODE = YES;
				CLANG_WARN__DUPLICATE_METHOD_MATCH = YES;
				CODE_SIGN_IDENTITY = "-";
				COPY_PHASE_STRIP = NO;
				DEBUG_INFORMATION_FORMAT = "dwarf-with-dsym";
				ENABLE_NS_ASSERTIONS = NO;
				ENABLE_STRICT_OBJC_MSGSEND = YES;
				GCC_C_LANGUAGE_STANDARD = gnu11;
				GCC_NO_COMMON_BLOCKS = YES;
				GCC_WARN_64_TO_32_BIT_CONVERSION = YES;
				GCC_WARN_ABOUT_RETURN_TYPE = YES_ERROR;
				GCC_WARN_UNDECLARED_SELECTOR = YES;
				GCC_WARN_UNINITIALIZED_AUTOS = YES_AGGRESSIVE;
				GCC_WARN_UNUSED_FUNCTION = YES;
				GCC_WARN_UNUSED_VARIABLE = YES;
				MACOSX_DEPLOYMENT_TARGET = 10.13;
				MTL_ENABLE_DEBUG_INFO = NO;
				SDKROOT = macosx;
			};
			name = Release;
		};
		50B964D12096C07200693471 /* Debug */ = {
			isa = XCBuildConfiguration;
			buildSettings = {
				CODE_SIGN_STYLE = Automatic;
				PRODUCT_NAME = "$(TARGET_NAME)";
			};
			name = Debug;
		};
		50B964D22096C07200693471 /* Release */ = {
			isa = XCBuildConfiguration;
			buildSettings = {
				CODE_SIGN_STYLE = Automatic;
				PRODUCT_NAME = "$(TARGET_NAME)";
			};
			name = Release;
		};
/* End XCBuildConfiguration section */

/* Begin XCConfigurationList section */
		50B964C42096C07100693471 /* Build configuration list for PBXProject "src" */ = {
			isa = XCConfigurationList;
			buildConfigurations = (
				50B964CE2096C07200693471 /* Debug */,
				50B964CF2096C07200693471 /* Release */,
			);
			defaultConfigurationIsVisible = 0;
			defaultConfigurationName = Release;
		};
		50B964D02096C07200693471 /* Build configuration list for PBXNativeTarget "src" */ = {
			isa = XCConfigurationList;
			buildConfigurations = (
				50B964D12096C07200693471 /* Debug */,
				50B964D22096C07200693471 /* Release */,
			);
			defaultConfigurationIsVisible = 0;
			defaultConfigurationName = Release;
		};
/* End XCConfigurationList section */
	};
	rootObject = 50B964C12096C07100693471 /* Project object */;
}
